
Microsoft Visual Studio Solution File, Format Version 12.00
# Visual Studio Version 17
VisualStudioVersion = 17.1.32210.238
MinimumVisualStudioVersion = 10.0.40219.1
Project("{FAE04EC0-301F-11D3-BF4B-00C04F79EFBC}") = "Torimochi", "Torimochi\Torimochi.csproj", "{31BF4A80-35A6-498E-B977-62480F1FF725}"
EndProject
Global
	GlobalSection(SolutionConfigurationPlatforms) = preSolution
		Debug|Any CPU = Debug|Any CPU
		Release|Any CPU = Release|Any CPU
	EndGlobalSection
	GlobalSection(ProjectConfigurationPlatforms) = postSolution
		{31BF4A80-35A6-498E-B977-62480F1FF725}.Debug|Any CPU.ActiveCfg = Debug|Any CPU
		{31BF4A80-35A6-498E-B977-62480F1FF725}.Debug|Any CPU.Build.0 = Debug|Any CPU
		{31BF4A80-35A6-498E-B977-62480F1FF725}.Release|Any CPU.ActiveCfg = Release|Any CPU
		{31BF4A80-35A6-498E-B977-62480F1FF725}.Release|Any CPU.Build.0 = Release|Any CPU
	EndGlobalSection
	GlobalSection(SolutionProperties) = preSolution
		HideSolutionNode = FALSE
	EndGlobalSection
	GlobalSection(ExtensibilityGlobals) = postSolution
		SolutionGuid = {74A01880-A4C6-454D-B75C-ACF959EF163A}
	EndGlobalSection
EndGlobal
